
Microsoft Visual Studio Solution File, Format Version 12.00
Project("{FAE04EC0-301F-11D3-BF4B-00C04F79EFBC}") = "20260107", "20260107\20260107.csproj", "{CF1E04EB-3853-40B2-AB7C-ABAEDB19A431}"
EndProject
Global
	GlobalSection(SolutionConfigurationPlatforms) = preSolution
		Debug|Any CPU = Debug|Any CPU
		Release|Any CPU = Release|Any CPU
	EndGlobalSection
	GlobalSection(ProjectConfigurationPlatforms) = postSolution
		{CF1E04EB-3853-40B2-AB7C-ABAEDB19A431}.Debug|Any CPU.ActiveCfg = Debug|Any CPU
		{CF1E04EB-3853-40B2-AB7C-ABAEDB19A431}.Debug|Any CPU.Build.0 = Debug|Any CPU
		{CF1E04EB-3853-40B2-AB7C-ABAEDB19A431}.Release|Any CPU.ActiveCfg = Release|Any CPU
		{CF1E04EB-3853-40B2-AB7C-ABAEDB19A431}.Release|Any CPU.Build.0 = Release|Any CPU
	EndGlobalSection
EndGlobal
